Microsoft Visual Studio Solution File, Format Version 12.00
# Visual Studio Version 17
VisualStudioVersion = 17.5.2.0
MinimumVisualStudioVersion = 10.0.40219.1
Project("{FAE04EC0-301F-11D3-BF4B-00C04F79EFBC}") = "Backend.Persistence", "Backend.Persistence.csproj", "{7C219D41-123B-E45F-271F-032721DA616B}"
EndProject
Global
	GlobalSection(SolutionConfigurationPlatforms) = preSolution
		Debug|Any CPU = Debug|Any CPU
		Release|Any CPU = Release|Any CPU
	EndGlobalSection
	GlobalSection(ProjectConfigurationPlatforms) = postSolution
		{7C219D41-123B-E45F-271F-032721DA616B}.Debug|Any CPU.ActiveCfg = Debug|Any CPU
		{7C219D41-123B-E45F-271F-032721DA616B}.Debug|Any CPU.Build.0 = Debug|Any CPU
		{7C219D41-123B-E45F-271F-032721DA616B}.Release|Any CPU.ActiveCfg = Release|Any CPU
		{7C219D41-123B-E45F-271F-032721DA616B}.Release|Any CPU.Build.0 = Release|Any CPU
	EndGlobalSection
	GlobalSection(SolutionProperties) = preSolution
		HideSolutionNode = FALSE
	EndGlobalSection
	GlobalSection(ExtensibilityGlobals) = postSolution
		SolutionGuid = {9491BA05-40BE-43CA-8C98-247CD9B434EA}
	EndGlobalSection
EndGlobal
